<?xml version="1.0" encoding="utf-8"?>
<Project ToolsVersion="4.0" xmlns="http://schemas.microsoft.com/developer/msbuild/2003">
  <ItemGroup>
    <ClCompile Include="AppClass.cpp">
      <Filter>Source</Filter>
    </ClCompile>
    <ClCompile Include="AppClassControls.cpp">
      <Filter>Source</Filter>
    </ClCompile>
    <ClCompile Include="AppClassGUI.cpp">
      <Filter>Source</Filter>
    </ClCompile>
    <ClCompile Include="AppClassMain.cpp">
      <Filter>Source</Filter>
    </ClCompile>
    <ClCompile Include="ControllerConfiguration.cpp">
      <Filter>Source</Filter>
    </ClCompile>
    <ClCompile Include="..\include\imgui\imgui.cpp">
      <Filter>imgui</Filter>
    </ClCompile>
    <ClCompile Include="..\include\imgui\imgui_demo.cpp">
      <Filter>imgui</Filter>
    </ClCompile>
    <ClCompile Include="..\include\imgui\imgui_draw.cpp">
      <Filter>imgui</Filter>
    </ClCompile>
    <ClCompile Include="Main.cpp">
      <Filter>Source</Filter>
    </ClCompile>
    <ClCompile Include="MyEntity.cpp">
      <Filter>Source</Filter>
    </ClCompile>
    <ClCompile Include="MyEntityManager.cpp">
      <Filter>Source</Filter>
    </ClCompile>
    <ClCompile Include="MyMesh.cpp">
      <Filter>Source</Filter>
    </ClCompile>
    <ClCompile Include="ApplicationManager.cpp">
      <Filter>Source</Filter>
    </ClCompile>
  </ItemGroup>
  <ItemGroup>
    <ClInclude Include="AppClass.h">
      <Filter>Header</Filter>
    </ClInclude>
    <ClInclude Include="ControllerConfiguration.h">
      <Filter>Header</Filter>
    </ClInclude>
    <ClInclude Include="Definitions.h">
      <Filter>Header</Filter>
    </ClInclude>
    <ClInclude Include="..\include\imgui\imconfig.h">
      <Filter>imgui</Filter>
    </ClInclude>
    <ClInclude Include="..\include\imgui\imgui.h">
      <Filter>imgui</Filter>
    </ClInclude>
    <ClInclude Include="..\include\imgui\imgui_internal.h">
      <Filter>imgui</Filter>
    </ClInclude>
    <ClInclude Include="..\include\imgui\ImGuiObject.h">
      <Filter>imgui</Filter>
    </ClInclude>
    <ClInclude Include="Main.h">
      <Filter>Header</Filter>
    </ClInclude>
    <ClInclude Include="MyEntity.h">
      <Filter>Header</Filter>
    </ClInclude>
    <ClInclude Include="MyEntityManager.h">
      <Filter>Header</Filter>
    </ClInclude>
    <ClInclude Include="..\res\resource.h">
      <Filter>resource</Filter>
    </ClInclude>
    <ClInclude Include="MyMesh.h">
      <Filter>Header</Filter>
    </ClInclude>
    <ClInclude Include="ApplicationManager.h">
      <Filter>Header</Filter>
    </ClInclude>
  </ItemGroup>
  <ItemGroup>
    <Filter Include="Source">
      <UniqueIdentifier>{b6e5d253-2f84-4f3b-8248-a56dfcf811fe}</UniqueIdentifier>
    </Filter>
    <Filter Include="Header">
      <UniqueIdentifier>{96e9636f-03c6-48fb-b9b2-0c3e450c6e50}</UniqueIdentifier>
    </Filter>
    <Filter Include="imgui">
      <UniqueIdentifier>{33f7af06-01eb-4a80-bad1-ffe32d999f6d}</UniqueIdentifier>
    </Filter>
    <Filter Include="resource">
      <UniqueIdentifier>{d06d0e08-491c-4f8d-bfac-a88463e3c287}</UniqueIdentifier>
    </Filter>
  </ItemGroup>
  <ItemGroup>
    <ResourceCompile Include="..\res\BTO.rc">
      <Filter>resource</Filter>
    </ResourceCompile>
  </ItemGroup>
</Project>